
Microsoft Visual Studio Solution File, Format Version 12.00
# Visual Studio Version 17
VisualStudioVersion = 17.0.31912.275
MinimumVisualStudioVersion = 10.0.40219.1
Project("{FAE04EC0-301F-11D3-BF4B-00C04F79EFBC}") = "LaptopMonitorService", "LaptopMonitorService\LaptopMonitorService.csproj", "{1E197FEA-9690-4DAB-AD55-F84D077742FB}"
EndProject
Project("{54435603-DBB4-11D2-8724-00A0C9A8B90C}") = "LaptopMonitorInstaller", "LaptopMonitorInstaller\LaptopMonitorInstaller.vdproj", "{A8230DFC-B343-4801-80B5-615A6C1BA2BD}"
EndProject
Project("{FAE04EC0-301F-11D3-BF4B-00C04F79EFBC}") = "GUI", "GUI\GUI.csproj", "{5A5C0576-5CB0-492D-9A4E-473906867656}"
EndProject
Project("{FAE04EC0-301F-11D3-BF4B-00C04F79EFBC}") = "LaptopMonitorLibrary", "LaptopMonitorLibrary\LaptopMonitorLibrary.csproj", "{9419C7B6-5553-4EBE-902E-032A31DAF396}"
EndProject
Project("{FAE04EC0-301F-11D3-BF4B-00C04F79EFBC}") = "UnitTests", "UnitTests\UnitTests.csproj", "{D93EA40A-109C-4CBB-9324-0FD408B4A2AA}"
EndProject
Global
	GlobalSection(SolutionConfigurationPlatforms) = preSolution
		Debug|Any CPU = Debug|Any CPU
		Release|Any CPU = Release|Any CPU
	EndGlobalSection
	GlobalSection(ProjectConfigurationPlatforms) = postSolution
		{1E197FEA-9690-4DAB-AD55-F84D077742FB}.Debug|Any CPU.ActiveCfg = Debug|Any CPU
		{1E197FEA-9690-4DAB-AD55-F84D077742FB}.Debug|Any CPU.Build.0 = Debug|Any CPU
		{1E197FEA-9690-4DAB-AD55-F84D077742FB}.Release|Any CPU.ActiveCfg = Release|Any CPU
		{1E197FEA-9690-4DAB-AD55-F84D077742FB}.Release|Any CPU.Build.0 = Release|Any CPU
		{A8230DFC-B343-4801-80B5-615A6C1BA2BD}.Debug|Any CPU.ActiveCfg = Debug
		{A8230DFC-B343-4801-80B5-615A6C1BA2BD}.Release|Any CPU.ActiveCfg = Release
		{5A5C0576-5CB0-492D-9A4E-473906867656}.Debug|Any CPU.ActiveCfg = Debug|Any CPU
		{5A5C0576-5CB0-492D-9A4E-473906867656}.Debug|Any CPU.Build.0 = Debug|Any CPU
		{5A5C0576-5CB0-492D-9A4E-473906867656}.Release|Any CPU.ActiveCfg = Release|Any CPU
		{5A5C0576-5CB0-492D-9A4E-473906867656}.Release|Any CPU.Build.0 = Release|Any CPU
		{9419C7B6-5553-4EBE-902E-032A31DAF396}.Debug|Any CPU.ActiveCfg = Debug|Any CPU
		{9419C7B6-5553-4EBE-902E-032A31DAF396}.Debug|Any CPU.Build.0 = Debug|Any CPU
		{9419C7B6-5553-4EBE-902E-032A31DAF396}.Release|Any CPU.ActiveCfg = Release|Any CPU
		{9419C7B6-5553-4EBE-902E-032A31DAF396}.Release|Any CPU.Build.0 = Release|Any CPU
		{D93EA40A-109C-4CBB-9324-0FD408B4A2AA}.Debug|Any CPU.ActiveCfg = Debug|Any CPU
		{D93EA40A-109C-4CBB-9324-0FD408B4A2AA}.Debug|Any CPU.Build.0 = Debug|Any CPU
		{D93EA40A-109C-4CBB-9324-0FD408B4A2AA}.Release|Any CPU.ActiveCfg = Release|Any CPU
		{D93EA40A-109C-4CBB-9324-0FD408B4A2AA}.Release|Any CPU.Build.0 = Release|Any CPU
	EndGlobalSection
	GlobalSection(SolutionProperties) = preSolution
		HideSolutionNode = FALSE
	EndGlobalSection
	GlobalSection(ExtensibilityGlobals) = postSolution
		SolutionGuid = {94622F90-93DC-44B1-B93B-E9A763E51083}
	EndGlobalSection
EndGlobal
